
Microsoft Visual Studio Solution File, Format Version 12.00
# Visual Studio Version 16
VisualStudioVersion = 16.0.30523.141
MinimumVisualStudioVersion = 10.0.40219.1
Project("{FAE04EC0-301F-11D3-BF4B-00C04F79EFBC}") = "Benk", "Benk\Benk.csproj", "{4010F806-4CD4-4087-A953-F9D64D2D1640}"
EndProject
Global
	GlobalSection(SolutionConfigurationPlatforms) = preSolution
		Debug|Any CPU = Debug|Any CPU
		Release|Any CPU = Release|Any CPU
	EndGlobalSection
	GlobalSection(ProjectConfigurationPlatforms) = postSolution
		{4010F806-4CD4-4087-A953-F9D64D2D1640}.Debug|Any CPU.ActiveCfg = Debug|Any CPU
		{4010F806-4CD4-4087-A953-F9D64D2D1640}.Debug|Any CPU.Build.0 = Debug|Any CPU
		{4010F806-4CD4-4087-A953-F9D64D2D1640}.Release|Any CPU.ActiveCfg = Release|Any CPU
		{4010F806-4CD4-4087-A953-F9D64D2D1640}.Release|Any CPU.Build.0 = Release|Any CPU
	EndGlobalSection
	GlobalSection(SolutionProperties) = preSolution
		HideSolutionNode = FALSE
	EndGlobalSection
	GlobalSection(ExtensibilityGlobals) = postSolution
		SolutionGuid = {D6E5B8C6-FACF-4845-A8C5-DA6A3872BC6F}
	EndGlobalSection
EndGlobal
